// !$*UTF8*$!
{
	archiveVersion = 1;
	classes = {
	};
	objectVersion = 56;
	objects = {

/* Begin PBXBuildFile section */
		413E2B072C6CF4F900DA0EB2 /* LocationManager.swift in Sources */ = {isa = PBXBuildFile; fileRef = 413E2B062C6CF4F900DA0EB2 /* LocationManager.swift */; };
		413E2B092C6D844900DA0EB2 /* WeatherManager.swift in Sources */ = {isa = PBXBuildFile; fileRef = 413E2B082C6D844900DA0EB2 /* WeatherManager.swift */; };
		413E2B0B2C6E4FFB00DA0EB2 /* ModelData.swift in Sources */ = {isa = PBXBuildFile; fileRef = 413E2B0A2C6E4FFB00DA0EB2 /* ModelData.swift */; };
		413E2B0D2C6E504D00DA0EB2 /* WeatherData.json in Resources */ = {isa = PBXBuildFile; fileRef = 413E2B0C2C6E504D00DA0EB2 /* WeatherData.json */; };
		413E2B0F2C6E55FF00DA0EB2 /* Extension.swift in Sources */ = {isa = PBXBuildFile; fileRef = 413E2B0E2C6E55FF00DA0EB2 /* Extension.swift */; };
		413E2B112C6FAB5C00DA0EB2 /* jakartaDummyWeather.json in Resources */ = {isa = PBXBuildFile; fileRef = 413E2B102C6FAB5C00DA0EB2 /* jakartaDummyWeather.json */; };
		413E2B142C705F8200DA0EB2 /* OpenStreetMapExtension.swift in Sources */ = {isa = PBXBuildFile; fileRef = 413E2B132C705F8200DA0EB2 /* OpenStreetMapExtension.swift */; };
		413E2B182C71923500DA0EB2 /* JSONSerializatiionPrettyPrintedExtension.swift in Sources */ = {isa = PBXBuildFile; fileRef = 413E2B172C71923500DA0EB2 /* JSONSerializatiionPrettyPrintedExtension.swift */; };
		413E2B1A2C71D74600DA0EB2 /* TimeExtension.swift in Sources */ = {isa = PBXBuildFile; fileRef = 413E2B192C71D74600DA0EB2 /* TimeExtension.swift */; };
		413E2B1D2C7252F200DA0EB2 /* WeatherScrollHelper.swift in Sources */ = {isa = PBXBuildFile; fileRef = 413E2B1C2C7252F200DA0EB2 /* WeatherScrollHelper.swift */; };
		413E2B1F2C72C6BB00DA0EB2 /* DetailView.swift in Sources */ = {isa = PBXBuildFile; fileRef = 413E2B1E2C72C6BB00DA0EB2 /* DetailView.swift */; };
		41F8C7F02C67B1B2002E32C9 /* MyWeatherApp.swift in Sources */ = {isa = PBXBuildFile; fileRef = 41F8C7EF2C67B1B2002E32C9 /* MyWeatherApp.swift */; };
		41F8C7F22C67B1B2002E32C9 /* ContentView.swift in Sources */ = {isa = PBXBuildFile; fileRef = 41F8C7F12C67B1B2002E32C9 /* ContentView.swift */; };
		41F8C7F42C67B1B4002E32C9 /* Assets.xcassets in Resources */ = {isa = PBXBuildFile; fileRef = 41F8C7F32C67B1B4002E32C9 /* Assets.xcassets */; };
		41F8C7F72C67B1B4002E32C9 /* Preview Assets.xcassets in Resources */ = {isa = PBXBuildFile; fileRef = 41F8C7F62C67B1B4002E32C9 /* Preview Assets.xcassets */; };
		41F8C8002C684DD8002E32C9 /* WelcomeView.swift in Sources */ = {isa = PBXBuildFile; fileRef = 41F8C7FF2C684DD8002E32C9 /* WelcomeView.swift */; };
		41F8C8062C685E9F002E32C9 /* TabView.swift in Sources */ = {isa = PBXBuildFile; fileRef = 41F8C8052C685E9F002E32C9 /* TabView.swift */; };
		41F8C8082C689036002E32C9 /* HomeView.swift in Sources */ = {isa = PBXBuildFile; fileRef = 41F8C8072C689036002E32C9 /* HomeView.swift */; };
		41F8C80A2C689637002E32C9 /* LocationSearchView.swift in Sources */ = {isa = PBXBuildFile; fileRef = 41F8C8092C689637002E32C9 /* LocationSearchView.swift */; };
		41F8C80C2C68964B002E32C9 /* HourlyForecastView.swift in Sources */ = {isa = PBXBuildFile; fileRef = 41F8C80B2C68964B002E32C9 /* HourlyForecastView.swift */; };
		41F8C80E2C689658002E32C9 /* SettingView.swift in Sources */ = {isa = PBXBuildFile; fileRef = 41F8C80D2C689658002E32C9 /* SettingView.swift */; };
		41F8C8112C689851002E32C9 /* TabModel.swift in Sources */ = {isa = PBXBuildFile; fileRef = 41F8C8102C689851002E32C9 /* TabModel.swift */; };
		41F8C8132C6A4D88002E32C9 /* Montserrat-SemiBold.ttf in Resources */ = {isa = PBXBuildFile; fileRef = 41F8C8122C6A4D88002E32C9 /* Montserrat-SemiBold.ttf */; };
/* End PBXBuildFile section */

/* Begin PBXFileReference section */
		413E2B042C6C3E8E00DA0EB2 /* README.md */ = {isa = PBXFileReference; lastKnownFileType = net.daringfireball.markdown; path = README.md; sourceTree = "<group>"; };
		413E2B062C6CF4F900DA0EB2 /* LocationManager.swift */ = {isa = PBXFileReference; lastKnownFileType = sourcecode.swift; path = LocationManager.swift; sourceTree = "<group>"; };
		413E2B082C6D844900DA0EB2 /* WeatherManager.swift */ = {isa = PBXFileReference; lastKnownFileType = sourcecode.swift; path = WeatherManager.swift; sourceTree = "<group>"; };
		413E2B0A2C6E4FFB00DA0EB2 /* ModelData.swift */ = {isa = PBXFileReference; lastKnownFileType = sourcecode.swift; path = ModelData.swift; sourceTree = "<group>"; };
		413E2B0C2C6E504D00DA0EB2 /* WeatherData.json */ = {isa = PBXFileReference; lastKnownFileType = text.json; path = WeatherData.json; sourceTree = "<group>"; };
		413E2B0E2C6E55FF00DA0EB2 /* Extension.swift */ = {isa = PBXFileReference; lastKnownFileType = sourcecode.swift; path = Extension.swift; sourceTree = "<group>"; };
		413E2B102C6FAB5C00DA0EB2 /* jakartaDummyWeather.json */ = {isa = PBXFileReference; lastKnownFileType = text.json; path = jakartaDummyWeather.json; sourceTree = "<group>"; };
		413E2B132C705F8200DA0EB2 /* OpenStreetMapExtension.swift */ = {isa = PBXFileReference; lastKnownFileType = sourcecode.swift; path = OpenStreetMapExtension.swift; sourceTree = "<group>"; };
		413E2B172C71923500DA0EB2 /* JSONSerializatiionPrettyPrintedExtension.swift */ = {isa = PBXFileReference; lastKnownFileType = sourcecode.swift; path = JSONSerializatiionPrettyPrintedExtension.swift; sourceTree = "<group>"; };
		413E2B192C71D74600DA0EB2 /* TimeExtension.swift */ = {isa = PBXFileReference; lastKnownFileType = sourcecode.swift; path = TimeExtension.swift; sourceTree = "<group>"; };
		413E2B1C2C7252F200DA0EB2 /* WeatherScrollHelper.swift */ = {isa = PBXFileReference; lastKnownFileType = sourcecode.swift; path = WeatherScrollHelper.swift; sourceTree = "<group>"; };
		413E2B1E2C72C6BB00DA0EB2 /* DetailView.swift */ = {isa = PBXFileReference; lastKnownFileType = sourcecode.swift; path = DetailView.swift; sourceTree = "<group>"; };
		41F8C7EC2C67B1B2002E32C9 /* MyWeather.app */ = {isa = PBXFileReference; explicitFileType = wrapper.application; includeInIndex = 0; path = MyWeather.app; sourceTree = BUILT_PRODUCTS_DIR; };
		41F8C7EF2C67B1B2002E32C9 /* MyWeatherApp.swift */ = {isa = PBXFileReference; lastKnownFileType = sourcecode.swift; path = MyWeatherApp.swift; sourceTree = "<group>"; };
		41F8C7F12C67B1B2002E32C9 /* ContentView.swift */ = {isa = PBXFileReference; lastKnownFileType = sourcecode.swift; path = ContentView.swift; sourceTree = "<group>"; };
		41F8C7F32C67B1B4002E32C9 /* Assets.xcassets */ = {isa = PBXFileReference; lastKnownFileType = folder.assetcatalog; path = Assets.xcassets; sourceTree = "<group>"; };
		41F8C7F62C67B1B4002E32C9 /* Preview Assets.xcassets */ = {isa = PBXFileReference; lastKnownFileType = folder.assetcatalog; path = "Preview Assets.xcassets"; sourceTree = "<group>"; };
		41F8C7FF2C684DD8002E32C9 /* WelcomeView.swift */ = {isa = PBXFileReference; lastKnownFileType = sourcecode.swift; path = WelcomeView.swift; sourceTree = "<group>"; };
		41F8C8032C685684002E32C9 /* Info.plist */ = {isa = PBXFileReference; lastKnownFileType = text.plist; path = Info.plist; sourceTree = "<group>"; };
		41F8C8052C685E9F002E32C9 /* TabView.swift */ = {isa = PBXFileReference; lastKnownFileType = sourcecode.swift; path = TabView.swift; sourceTree = "<group>"; };
		41F8C8072C689036002E32C9 /* HomeView.swift */ = {isa = PBXFileReference; lastKnownFileType = sourcecode.swift; path = HomeView.swift; sourceTree = "<group>"; };
		41F8C8092C689637002E32C9 /* LocationSearchView.swift */ = {isa = PBXFileReference; lastKnownFileType = sourcecode.swift; path = LocationSearchView.swift; sourceTree = "<group>"; };
		41F8C80B2C68964B002E32C9 /* HourlyForecastView.swift */ = {isa = PBXFileReference; lastKnownFileType = sourcecode.swift; path = HourlyForecastView.swift; sourceTree = "<group>"; };
		41F8C80D2C689658002E32C9 /* SettingView.swift */ = {isa = PBXFileReference; lastKnownFileType = sourcecode.swift; path = SettingView.swift; sourceTree = "<group>"; };
		41F8C8102C689851002E32C9 /* TabModel.swift */ = {isa = PBXFileReference; lastKnownFileType = sourcecode.swift; path = TabModel.swift; sourceTree = "<group>"; };
		41F8C8122C6A4D88002E32C9 /* Montserrat-SemiBold.ttf */ = {isa = PBXFileReference; lastKnownFileType = file; name = "Montserrat-SemiBold.ttf"; path = "../../../../Downloads/Fonts/Montserrat/static/Montserrat-SemiBold.ttf"; sourceTree = "<group>"; };
/* End PBXFileReference section */

/* Begin PBXFrameworksBuildPhase section */
		41F8C7E92C67B1B2002E32C9 /* Frameworks */ = {
			isa = PBXFrameworksBuildPhase;
			buildActionMask = 2147483647;
			files = (
			);
			runOnlyForDeploymentPostprocessing = 0;
		};
/* End PBXFrameworksBuildPhase section */

/* Begin PBXGroup section */
		413E2B052C6CF4E200DA0EB2 /* Managers */ = {
			isa = PBXGroup;
			children = (
				413E2B062C6CF4F900DA0EB2 /* LocationManager.swift */,
				413E2B082C6D844900DA0EB2 /* WeatherManager.swift */,
			);
			path = Managers;
			sourceTree = "<group>";
		};
		413E2B122C705F4200DA0EB2 /* Extension */ = {
			isa = PBXGroup;
			children = (
				413E2B0E2C6E55FF00DA0EB2 /* Extension.swift */,
				413E2B132C705F8200DA0EB2 /* OpenStreetMapExtension.swift */,
				413E2B172C71923500DA0EB2 /* JSONSerializatiionPrettyPrintedExtension.swift */,
				413E2B192C71D74600DA0EB2 /* TimeExtension.swift */,
			);
			path = Extension;
			sourceTree = "<group>";
		};
		413E2B1B2C7252C600DA0EB2 /* Helper */ = {
			isa = PBXGroup;
			children = (
				413E2B1C2C7252F200DA0EB2 /* WeatherScrollHelper.swift */,
			);
			path = Helper;
			sourceTree = "<group>";
		};
		41F8C7E32C67B1B2002E32C9 = {
			isa = PBXGroup;
			children = (
				413E2B042C6C3E8E00DA0EB2 /* README.md */,
				41F8C7EE2C67B1B2002E32C9 /* MyWeather */,
				41F8C7ED2C67B1B2002E32C9 /* Products */,
			);
			sourceTree = "<group>";
		};
		41F8C7ED2C67B1B2002E32C9 /* Products */ = {
			isa = PBXGroup;
			children = (
				41F8C7EC2C67B1B2002E32C9 /* MyWeather.app */,
			);
			name = Products;
			sourceTree = "<group>";
		};
		41F8C7EE2C67B1B2002E32C9 /* MyWeather */ = {
			isa = PBXGroup;
			children = (
				413E2B1B2C7252C600DA0EB2 /* Helper */,
				413E2B122C705F4200DA0EB2 /* Extension */,
				413E2B052C6CF4E200DA0EB2 /* Managers */,
				41F8C8032C685684002E32C9 /* Info.plist */,
				41F8C80F2C689837002E32C9 /* Models */,
				41F8C7FD2C684D9F002E32C9 /* Views */,
				41F8C7EF2C67B1B2002E32C9 /* MyWeatherApp.swift */,
				41F8C7F12C67B1B2002E32C9 /* ContentView.swift */,
				41F8C8122C6A4D88002E32C9 /* Montserrat-SemiBold.ttf */,
				41F8C7F32C67B1B4002E32C9 /* Assets.xcassets */,
				41F8C7F52C67B1B4002E32C9 /* Preview Content */,
			);
			path = MyWeather;
			sourceTree = "<group>";
		};
		41F8C7F52C67B1B4002E32C9 /* Preview Content */ = {
			isa = PBXGroup;
			children = (
				41F8C7F62C67B1B4002E32C9 /* Preview Assets.xcassets */,
				413E2B0A2C6E4FFB00DA0EB2 /* ModelData.swift */,
				413E2B0C2C6E504D00DA0EB2 /* WeatherData.json */,
				413E2B102C6FAB5C00DA0EB2 /* jakartaDummyWeather.json */,
			);
			path = "Preview Content";
			sourceTree = "<group>";
		};
		41F8C7FD2C684D9F002E32C9 /* Views */ = {
			isa = PBXGroup;
			children = (
				41F8C8042C685E8C002E32C9 /* Main */,
				41F8C7FE2C684DBF002E32C9 /* Auth */,
			);
			path = Views;
			sourceTree = "<group>";
		};
		41F8C7FE2C684DBF002E32C9 /* Auth */ = {
			isa = PBXGroup;
			children = (
				41F8C7FF2C684DD8002E32C9 /* WelcomeView.swift */,
			);
			path = Auth;
			sourceTree = "<group>";
		};
		41F8C8042C685E8C002E32C9 /* Main */ = {
			isa = PBXGroup;
			children = (
				41F8C8052C685E9F002E32C9 /* TabView.swift */,
				41F8C8072C689036002E32C9 /* HomeView.swift */,
				41F8C8092C689637002E32C9 /* LocationSearchView.swift */,
				41F8C80B2C68964B002E32C9 /* HourlyForecastView.swift */,
				41F8C80D2C689658002E32C9 /* SettingView.swift */,
				413E2B1E2C72C6BB00DA0EB2 /* DetailView.swift */,
			);
			path = Main;
			sourceTree = "<group>";
		};
		41F8C80F2C689837002E32C9 /* Models */ = {
			isa = PBXGroup;
			children = (
				41F8C8102C689851002E32C9 /* TabModel.swift */,
			);
			path = Models;
			sourceTree = "<group>";
		};
/* End PBXGroup section */

/* Begin PBXNativeTarget section */
		41F8C7EB2C67B1B2002E32C9 /* MyWeather */ = {
			isa = PBXNativeTarget;
			buildConfigurationList = 41F8C7FA2C67B1B4002E32C9 /* Build configuration list for PBXNativeTarget "MyWeather" */;
			buildPhases = (
				41F8C7E82C67B1B2002E32C9 /* Sources */,
				41F8C7E92C67B1B2002E32C9 /* Frameworks */,
				41F8C7EA2C67B1B2002E32C9 /* Resources */,
			);
			buildRules = (
			);
			dependencies = (
			);
			name = MyWeather;
			productName = MyWeather;
			productReference = 41F8C7EC2C67B1B2002E32C9 /* MyWeather.app */;
			productType = "com.apple.product-type.application";
		};
/* End PBXNativeTarget section */

/* Begin PBXProject section */
		41F8C7E42C67B1B2002E32C9 /* Project object */ = {
			isa = PBXProject;
			attributes = {
				BuildIndependentTargetsInParallel = 1;
				LastSwiftUpdateCheck = 1530;
				LastUpgradeCheck = 1530;
				TargetAttributes = {
					41F8C7EB2C67B1B2002E32C9 = {
						CreatedOnToolsVersion = 15.3;
					};
				};
			};
			buildConfigurationList = 41F8C7E72C67B1B2002E32C9 /* Build configuration list for PBXProject "MyWeather" */;
			compatibilityVersion = "Xcode 14.0";
			developmentRegion = en;
			hasScannedForEncodings = 0;
			knownRegions = (
				en,
				Base,
			);
			mainGroup = 41F8C7E32C67B1B2002E32C9;
			productRefGroup = 41F8C7ED2C67B1B2002E32C9 /* Products */;
			projectDirPath = "";
			projectRoot = "";
			targets = (
				41F8C7EB2C67B1B2002E32C9 /* MyWeather */,
			);
		};
/* End PBXProject section */

/* Begin PBXResourcesBuildPhase section */
		41F8C7EA2C67B1B2002E32C9 /* Resources */ = {
			isa = PBXResourcesBuildPhase;
			buildActionMask = 2147483647;
			files = (
				41F8C7F72C67B1B4002E32C9 /* Preview Assets.xcassets in Resources */,
				41F8C8132C6A4D88002E32C9 /* Montserrat-SemiBold.ttf in Resources */,
				413E2B112C6FAB5C00DA0EB2 /* jakartaDummyWeather.json in Resources */,
				413E2B0D2C6E504D00DA0EB2 /* WeatherData.json in Resources */,
				41F8C7F42C67B1B4002E32C9 /* Assets.xcassets in Resources */,
			);
			runOnlyForDeploymentPostprocessing = 0;
		};
/* End PBXResourcesBuildPhase section */

/* Begin PBXSourcesBuildPhase section */
		41F8C7E82C67B1B2002E32C9 /* Sources */ = {
			isa = PBXSourcesBuildPhase;
			buildActionMask = 2147483647;
			files = (
				41F8C8112C689851002E32C9 /* TabModel.swift in Sources */,
				41F8C7F22C67B1B2002E32C9 /* ContentView.swift in Sources */,
				413E2B1F2C72C6BB00DA0EB2 /* DetailView.swift in Sources */,
				413E2B072C6CF4F900DA0EB2 /* LocationManager.swift in Sources */,
				41F8C80A2C689637002E32C9 /* LocationSearchView.swift in Sources */,
				41F8C80C2C68964B002E32C9 /* HourlyForecastView.swift in Sources */,
				413E2B0B2C6E4FFB00DA0EB2 /* ModelData.swift in Sources */,
				41F8C8062C685E9F002E32C9 /* TabView.swift in Sources */,
				413E2B092C6D844900DA0EB2 /* WeatherManager.swift in Sources */,
				41F8C8002C684DD8002E32C9 /* WelcomeView.swift in Sources */,
				413E2B1D2C7252F200DA0EB2 /* WeatherScrollHelper.swift in Sources */,
				413E2B0F2C6E55FF00DA0EB2 /* Extension.swift in Sources */,
				413E2B1A2C71D74600DA0EB2 /* TimeExtension.swift in Sources */,
				41F8C80E2C689658002E32C9 /* SettingView.swift in Sources */,
				41F8C8082C689036002E32C9 /* HomeView.swift in Sources */,
				41F8C7F02C67B1B2002E32C9 /* MyWeatherApp.swift in Sources */,
				413E2B182C71923500DA0EB2 /* JSONSerializatiionPrettyPrintedExtension.swift in Sources */,
				413E2B142C705F8200DA0EB2 /* OpenStreetMapExtension.swift in Sources */,
			);
			runOnlyForDeploymentPostprocessing = 0;
		};
/* End PBXSourcesBuildPhase section */

/* Begin XCBuildConfiguration section */
		41F8C7F82C67B1B4002E32C9 /* Debug */ = {
			isa = XCBuildConfiguration;
			buildSettings = {
				ALWAYS_SEARCH_USER_PATHS = NO;
				ASSETCATALOG_COMPILER_GENERATE_SWIFT_ASSET_SYMBOL_EXTENSIONS = YES;
				CLANG_ANALYZER_NONNULL = YES;
				CLANG_ANALYZER_NUMBER_OBJECT_CONVERSION = YES_AGGRESSIVE;
				CLANG_CXX_LANGUAGE_STANDARD = "gnu++20";
				CLANG_ENABLE_MODULES = YES;
				CLANG_ENABLE_OBJC_ARC = YES;
				CLANG_ENABLE_OBJC_WEAK = YES;
				CLANG_WARN_BLOCK_CAPTURE_AUTORELEASING = YES;
				CLANG_WARN_BOOL_CONVERSION = YES;
				CLANG_WARN_COMMA = YES;
				CLANG_WARN_CONSTANT_CONVERSION = YES;
				CLANG_WARN_DEPRECATED_OBJC_IMPLEMENTATIONS = YES;
				CLANG_WARN_DIRECT_OBJC_ISA_USAGE = YES_ERROR;
				CLANG_WARN_DOCUMENTATION_COMMENTS = YES;
				CLANG_WARN_EMPTY_BODY = YES;
				CLANG_WARN_ENUM_CONVERSION = YES;
				CLANG_WARN_INFINITE_RECURSION = YES;
				CLANG_WARN_INT_CONVERSION = YES;
				CLANG_WARN_NON_LITERAL_NULL_CONVERSION = YES;
				CLANG_WARN_OBJC_IMPLICIT_RETAIN_SELF = YES;
				CLANG_WARN_OBJC_LITERAL_CONVERSION = YES;
				CLANG_WARN_OBJC_ROOT_CLASS = YES_ERROR;
				CLANG_WARN_QUOTED_INCLUDE_IN_FRAMEWORK_HEADER = YES;
				CLANG_WARN_RANGE_LOOP_ANALYSIS = YES;
				CLANG_WARN_STRICT_PROTOTYPES = YES;
				CLANG_WARN_SUSPICIOUS_MOVE = YES;
				CLANG_WARN_UNGUARDED_AVAILABILITY = YES_AGGRESSIVE;
				CLANG_WARN_UNREACHABLE_CODE = YES;
				CLANG_WARN__DUPLICATE_METHOD_MATCH = YES;
				COPY_PHASE_STRIP = NO;
				DEBUG_INFORMATION_FORMAT = dwarf;
				ENABLE_STRICT_OBJC_MSGSEND = YES;
				ENABLE_TESTABILITY = YES;
				ENABLE_USER_SCRIPT_SANDBOXING = YES;
				GCC_C_LANGUAGE_STANDARD = gnu17;
				GCC_DYNAMIC_NO_PIC = NO;
				GCC_NO_COMMON_BLOCKS = YES;
				GCC_OPTIMIZATION_LEVEL = 0;
				GCC_PREPROCESSOR_DEFINITIONS = (
					"DEBUG=1",
					"$(inherited)",
				);
				GCC_WARN_64_TO_32_BIT_CONVERSION = YES;
				GCC_WARN_ABOUT_RETURN_TYPE = YES_ERROR;
				GCC_WARN_UNDECLARED_SELECTOR = YES;
				GCC_WARN_UNINITIALIZED_AUTOS = YES_AGGRESSIVE;
				GCC_WARN_UNUSED_FUNCTION = YES;
				GCC_WARN_UNUSED_VARIABLE = YES;
				IPHONEOS_DEPLOYMENT_TARGET = 17.4;
				LOCALIZATION_PREFERS_STRING_CATALOGS = YES;
				MTL_ENABLE_DEBUG_INFO = INCLUDE_SOURCE;
				MTL_FAST_MATH = YES;
				ONLY_ACTIVE_ARCH = YES;
				SDKROOT = iphoneos;
				SWIFT_ACTIVE_COMPILATION_CONDITIONS = "DEBUG $(inherited)";
				SWIFT_OPTIMIZATION_LEVEL = "-Onone";
			};
			name = Debug;
		};
		41F8C7F92C67B1B4002E32C9 /* Release */ = {
			isa = XCBuildConfiguration;
			buildSettings = {
				ALWAYS_SEARCH_USER_PATHS = NO;
				ASSETCATALOG_COMPILER_GENERATE_SWIFT_ASSET_SYMBOL_EXTENSIONS = YES;
				CLANG_ANALYZER_NONNULL = YES;
				CLANG_ANALYZER_NUMBER_OBJECT_CONVERSION = YES_AGGRESSIVE;
				CLANG_CXX_LANGUAGE_STANDARD = "gnu++20";
				CLANG_ENABLE_MODULES = YES;
				CLANG_ENABLE_OBJC_ARC = YES;
				CLANG_ENABLE_OBJC_WEAK = YES;
				CLANG_WARN_BLOCK_CAPTURE_AUTORELEASING = YES;
				CLANG_WARN_BOOL_CONVERSION = YES;
				CLANG_WARN_COMMA = YES;
				CLANG_WARN_CONSTANT_CONVERSION = YES;
				CLANG_WARN_DEPRECATED_OBJC_IMPLEMENTATIONS = YES;
				CLANG_WARN_DIRECT_OBJC_ISA_USAGE = YES_ERROR;
				CLANG_WARN_DOCUMENTATION_COMMENTS = YES;
				CLANG_WARN_EMPTY_BODY = YES;
				CLANG_WARN_ENUM_CONVERSION = YES;
				CLANG_WARN_INFINITE_RECURSION = YES;
				CLANG_WARN_INT_CONVERSION = YES;
				CLANG_WARN_NON_LITERAL_NULL_CONVERSION = YES;
				CLANG_WARN_OBJC_IMPLICIT_RETAIN_SELF = YES;
				CLANG_WARN_OBJC_LITERAL_CONVERSION = YES;
				CLANG_WARN_OBJC_ROOT_CLASS = YES_ERROR;
				CLANG_WARN_QUOTED_INCLUDE_IN_FRAMEWORK_HEADER = YES;
				CLANG_WARN_RANGE_LOOP_ANALYSIS = YES;
				CLANG_WARN_STRICT_PROTOTYPES = YES;
				CLANG_WARN_SUSPICIOUS_MOVE = YES;
				CLANG_WARN_UNGUARDED_AVAILABILITY = YES_AGGRESSIVE;
				CLANG_WARN_UNREACHABLE_CODE = YES;
				CLANG_WARN__DUPLICATE_METHOD_MATCH = YES;
				COPY_PHASE_STRIP = NO;
				DEBUG_INFORMATION_FORMAT = "dwarf-with-dsym";
				ENABLE_NS_ASSERTIONS = NO;
				ENABLE_STRICT_OBJC_MSGSEND = YES;
				ENABLE_USER_SCRIPT_SANDBOXING = YES;
				GCC_C_LANGUAGE_STANDARD = gnu17;
				GCC_NO_COMMON_BLOCKS = YES;
				GCC_WARN_64_TO_32_BIT_CONVERSION = YES;
				GCC_WARN_ABOUT_RETURN_TYPE = YES_ERROR;
				GCC_WARN_UNDECLARED_SELECTOR = YES;
				GCC_WARN_UNINITIALIZED_AUTOS = YES_AGGRESSIVE;
				GCC_WARN_UNUSED_FUNCTION = YES;
				GCC_WARN_UNUSED_VARIABLE = YES;
				IPHONEOS_DEPLOYMENT_TARGET = 17.4;
				LOCALIZATION_PREFERS_STRING_CATALOGS = YES;
				MTL_ENABLE_DEBUG_INFO = NO;
				MTL_FAST_MATH = YES;
				SDKROOT = iphoneos;
				SWIFT_COMPILATION_MODE = wholemodule;
				VALIDATE_PRODUCT = YES;
			};
			name = Release;
		};
		41F8C7FB2C67B1B4002E32C9 /* Debug */ = {
			isa = XCBuildConfiguration;
			buildSettings = {
				ASSETCATALOG_COMPILER_APPICON_NAME = AppIcon;
				ASSETCATALOG_COMPILER_GLOBAL_ACCENT_COLOR_NAME = AccentColor;
				CODE_SIGN_STYLE = Automatic;
				CURRENT_PROJECT_VERSION = 1;
				DEVELOPMENT_ASSET_PATHS = "\"MyWeather/Preview Content\"";
				DEVELOPMENT_TEAM = QAM977QT6U;
				ENABLE_PREVIEWS = YES;
				GENERATE_INFOPLIST_FILE = YES;
				INFOPLIST_FILE = MyWeather/Info.plist;
				INFOPLIST_KEY_UIApplicationSceneManifest_Generation = YES;
				INFOPLIST_KEY_UIApplicationSupportsIndirectInputEvents = YES;
				INFOPLIST_KEY_UILaunchScreen_Generation = YES;
				INFOPLIST_KEY_UISupportedInterfaceOrientations_iPad = "UIInterfaceOrientationPortrait UIInterfaceOrientationPortraitUpsideDown UIInterfaceOrientationLandscapeLeft UIInterfaceOrientationLandscapeRight";
				INFOPLIST_KEY_UISupportedInterfaceOrientations_iPhone = "UIInterfaceOrientationPortrait UIInterfaceOrientationLandscapeLeft UIInterfaceOrientationLandscapeRight";
				LD_RUNPATH_SEARCH_PATHS = (
					"$(inherited)",
					"@executable_path/Frameworks",
				);
				MARKETING_VERSION = 1.0;
				PRODUCT_BUNDLE_IDENTIFIER = "Pratama-Center.MyWeather";
				PRODUCT_NAME = "$(TARGET_NAME)";
				SWIFT_EMIT_LOC_STRINGS = YES;
				SWIFT_VERSION = 5.0;
				TARGETED_DEVICE_FAMILY = "1,2";
			};
			name = Debug;
		};
		41F8C7FC2C67B1B4002E32C9 /* Release */ = {
			isa = XCBuildConfiguration;
			buildSettings = {
				ASSETCATALOG_COMPILER_APPICON_NAME = AppIcon;
				ASSETCATALOG_COMPILER_GLOBAL_ACCENT_COLOR_NAME = AccentColor;
				CODE_SIGN_STYLE = Automatic;
				CURRENT_PROJECT_VERSION = 1;
				DEVELOPMENT_ASSET_PATHS = "\"MyWeather/Preview Content\"";
				DEVELOPMENT_TEAM = QAM977QT6U;
				ENABLE_PREVIEWS = YES;
				GENERATE_INFOPLIST_FILE = YES;
				INFOPLIST_FILE = MyWeather/Info.plist;
				INFOPLIST_KEY_UIApplicationSceneManifest_Generation = YES;
				INFOPLIST_KEY_UIApplicationSupportsIndirectInputEvents = YES;
				INFOPLIST_KEY_UILaunchScreen_Generation = YES;
				INFOPLIST_KEY_UISupportedInterfaceOrientations_iPad = "UIInterfaceOrientationPortrait UIInterfaceOrientationPortraitUpsideDown UIInterfaceOrientationLandscapeLeft UIInterfaceOrientationLandscapeRight";
				INFOPLIST_KEY_UISupportedInterfaceOrientations_iPhone = "UIInterfaceOrientationPortrait UIInterfaceOrientationLandscapeLeft UIInterfaceOrientationLandscapeRight";
				LD_RUNPATH_SEARCH_PATHS = (
					"$(inherited)",
					"@executable_path/Frameworks",
				);
				MARKETING_VERSION = 1.0;
				PRODUCT_BUNDLE_IDENTIFIER = "Pratama-Center.MyWeather";
				PRODUCT_NAME = "$(TARGET_NAME)";
				SWIFT_EMIT_LOC_STRINGS = YES;
				SWIFT_VERSION = 5.0;
				TARGETED_DEVICE_FAMILY = "1,2";
			};
			name = Release;
		};
/* End XCBuildConfiguration section */

/* Begin XCConfigurationList section */
		41F8C7E72C67B1B2002E32C9 /* Build configuration list for PBXProject "MyWeather" */ = {
			isa = XCConfigurationList;
			buildConfigurations = (
				41F8C7F82C67B1B4002E32C9 /* Debug */,
				41F8C7F92C67B1B4002E32C9 /* Release */,
			);
			defaultConfigurationIsVisible = 0;
			defaultConfigurationName = Release;
		};
		41F8C7FA2C67B1B4002E32C9 /* Build configuration list for PBXNativeTarget "MyWeather" */ = {
			isa = XCConfigurationList;
			buildConfigurations = (
				41F8C7FB2C67B1B4002E32C9 /* Debug */,
				41F8C7FC2C67B1B4002E32C9 /* Release */,
			);
			defaultConfigurationIsVisible = 0;
			defaultConfigurationName = Release;
		};
/* End XCConfigurationList section */
	};
	rootObject = 41F8C7E42C67B1B2002E32C9 /* Project object */;
}
